PODS:
  - Flutter (1.0.0)
  - image_picker_ios (0.0.1):
    - Flutter
  - TensorFlowLiteC (2.2.0)
  - tflite_v2 (1.1.2):
    - Flutter
    - TensorFlowLiteC

DEPENDENCIES:
  - Flutter (from `Flutter`)
  - image_picker_ios (from `.symlinks/plugins/image_picker_ios/ios`)
  - TensorFlowLiteC (= 2.2.0)
  - tflite_v2 (from `.symlinks/plugins/tflite_v2/ios`)

SPEC REPOS:
  trunk:
    - TensorFlowLiteC

EXTERNAL SOURCES:
  Flutter:
    :path: Flutter
  image_picker_ios:
    :path: ".symlinks/plugins/image_picker_ios/ios"
  tflite_v2:
    :path: ".symlinks/plugins/tflite_v2/ios"

SPEC CHECKSUMS:
  Flutter: f04841e97a9d0b0a8025694d0796dd46242b2854
  image_picker_ios: 4a8aadfbb6dc30ad5141a2ce3832af9214a705b5
  TensorFlowLiteC: b3ab9e867b0b71052ca102a32a786555b330b02e
  tflite_v2: 86628672b490301d7b7455b625f8090eedfc6536

PODFILE CHECKSUM: e3c680fce7a792d0c0b81adcb7a87df9e685f0e0

COCOAPODS: 1.13.0
